
Microsoft Visual Studio Solution File, Format Version 12.00
# Visual Studio Version 17
VisualStudioVersion = 17.9.34728.123
MinimumVisualStudioVersion = 10.0.40219.1
Project("{FAE04EC0-301F-11D3-BF4B-00C04F79EFBC}") = "hastane2", "hastane2\hastane2.csproj", "{6B01E271-6C5D-49EA-9D0D-740BDAB22183}"
EndProject
Global
	GlobalSection(SolutionConfigurationPlatforms) = preSolution
		Debug|Any CPU = Debug|Any CPU
		Release|Any CPU = Release|Any CPU
	EndGlobalSection
	GlobalSection(ProjectConfigurationPlatforms) = postSolution
		{6B01E271-6C5D-49EA-9D0D-740BDAB22183}.Debug|Any CPU.ActiveCfg = Debug|Any CPU
		{6B01E271-6C5D-49EA-9D0D-740BDAB22183}.Debug|Any CPU.Build.0 = Debug|Any CPU
		{6B01E271-6C5D-49EA-9D0D-740BDAB22183}.Release|Any CPU.ActiveCfg = Release|Any CPU
		{6B01E271-6C5D-49EA-9D0D-740BDAB22183}.Release|Any CPU.Build.0 = Release|Any CPU
	EndGlobalSection
	GlobalSection(SolutionProperties) = preSolution
		HideSolutionNode = FALSE
	EndGlobalSection
	GlobalSection(ExtensibilityGlobals) = postSolution
		SolutionGuid = {AE819300-0800-42D7-BCFA-4EFA923EB292}
	EndGlobalSection
EndGlobal
